
Microsoft Visual Studio Solution File, Format Version 12.00
# Visual Studio 15
VisualStudioVersion = 15.0.26206.0
MinimumVisualStudioVersion = 10.0.40219.1
Project("{2150E333-8FDC-42A3-9474-1A3956D46DE8}") = "src", "src", "{599448E5-ED3D-44C2-93DA-46650CE8B1CC}"
EndProject
Project("{2150E333-8FDC-42A3-9474-1A3956D46DE8}") = "Solution Items", "Solution Items", "{14F7F195-ABA8-42B3-9C78-B4B6B7F13DB6}"
	ProjectSection(SolutionItems) = preProject
		README.md = README.md
	EndProjectSection
EndProject
Project("{9A19103F-16F7-4668-BE54-9A1E7A4F7556}") = "AngularAutoCompleteAspNetCoreElasticsearch", "src\AngularAutoCompleteAspNetCoreElasticsearch\AngularAutoCompleteAspNetCoreElasticsearch.csproj", "{16E13622-7E32-4D3B-A382-CABA654D359F}"
EndProject
Global
	GlobalSection(SolutionConfigurationPlatforms) = preSolution
		Debug|Any CPU = Debug|Any CPU
		Debug|x64 = Debug|x64
		Debug|x86 = Debug|x86
		Release|Any CPU = Release|Any CPU
		Release|x64 = Release|x64
		Release|x86 = Release|x86
	EndGlobalSection
	GlobalSection(ProjectConfigurationPlatforms) = postSolution
		{16E13622-7E32-4D3B-A382-CABA654D359F}.Debug|Any CPU.ActiveCfg = Debug|Any CPU
		{16E13622-7E32-4D3B-A382-CABA654D359F}.Debug|Any CPU.Build.0 = Debug|Any CPU
		{16E13622-7E32-4D3B-A382-CABA654D359F}.Debug|x64.ActiveCfg = Debug|x64
		{16E13622-7E32-4D3B-A382-CABA654D359F}.Debug|x64.Build.0 = Debug|x64
		{16E13622-7E32-4D3B-A382-CABA654D359F}.Debug|x86.ActiveCfg = Debug|x86
		{16E13622-7E32-4D3B-A382-CABA654D359F}.Debug|x86.Build.0 = Debug|x86
		{16E13622-7E32-4D3B-A382-CABA654D359F}.Release|Any CPU.ActiveCfg = Release|Any CPU
		{16E13622-7E32-4D3B-A382-CABA654D359F}.Release|Any CPU.Build.0 = Release|Any CPU
		{16E13622-7E32-4D3B-A382-CABA654D359F}.Release|x64.ActiveCfg = Release|x64
		{16E13622-7E32-4D3B-A382-CABA654D359F}.Release|x64.Build.0 = Release|x64
		{16E13622-7E32-4D3B-A382-CABA654D359F}.Release|x86.ActiveCfg = Release|x86
		{16E13622-7E32-4D3B-A382-CABA654D359F}.Release|x86.Build.0 = Release|x86
	EndGlobalSection
	GlobalSection(SolutionProperties) = preSolution
		HideSolutionNode = FALSE
	EndGlobalSection
	GlobalSection(NestedProjects) = preSolution
		{16E13622-7E32-4D3B-A382-CABA654D359F} = {599448E5-ED3D-44C2-93DA-46650CE8B1CC}
	EndGlobalSection
EndGlobal
